
Microsoft Visual Studio Solution File, Format Version 12.00
# Visual Studio Version 17
VisualStudioVersion = 17.2.32630.192
MinimumVisualStudioVersion = 10.0.40219.1
Project("{FAE04EC0-301F-11D3-BF4B-00C04F79EFBC}") = "HashCalculator", "HashCalculator\HashCalculator.csproj", "{16B60D29-4D81-4360-814C-1A0FFFF5D75B}"
EndProject
Project("{2150E333-8FDC-42A3-9474-1A3956D46DE8}") = "SolutionItems", "SolutionItems", "{3D318F1A-748B-4730-B262-B495B0A525CB}"
	ProjectSection(SolutionItems) = preProject
		.editorconfig = .editorconfig
		.gitattributes = .gitattributes
		.gitignore = .gitignore
		CHANGELOG.md = CHANGELOG.md
		LICENSE.txt = LICENSE.txt
		README.md = README.md
		TODO.md = TODO.md
	EndProjectSection
EndProject
Project("{8BC9CEB8-8B4A-11D0-8D11-00A0C91BC942}") = "ShellExtensions", "ShellExtensions\ShellExtensions.vcxproj", "{4DB70050-30FF-487A-AD55-C3E663CD0329}"
EndProject
Global
	GlobalSection(SolutionConfigurationPlatforms) = preSolution
		Debug|Any CPU = Debug|Any CPU
		Debug|x64 = Debug|x64
		Debug|x86 = Debug|x86
		Release|Any CPU = Release|Any CPU
		Release|x64 = Release|x64
		Release|x86 = Release|x86
	EndGlobalSection
	GlobalSection(ProjectConfigurationPlatforms) = postSolution
		{16B60D29-4D81-4360-814C-1A0FFFF5D75B}.Debug|Any CPU.ActiveCfg = Debug|Any CPU
		{16B60D29-4D81-4360-814C-1A0FFFF5D75B}.Debug|Any CPU.Build.0 = Debug|Any CPU
		{16B60D29-4D81-4360-814C-1A0FFFF5D75B}.Debug|x64.ActiveCfg = Debug|Any CPU
		{16B60D29-4D81-4360-814C-1A0FFFF5D75B}.Debug|x64.Build.0 = Debug|Any CPU
		{16B60D29-4D81-4360-814C-1A0FFFF5D75B}.Debug|x86.ActiveCfg = Debug|Any CPU
		{16B60D29-4D81-4360-814C-1A0FFFF5D75B}.Debug|x86.Build.0 = Debug|Any CPU
		{16B60D29-4D81-4360-814C-1A0FFFF5D75B}.Release|Any CPU.ActiveCfg = Release|Any CPU
		{16B60D29-4D81-4360-814C-1A0FFFF5D75B}.Release|Any CPU.Build.0 = Release|Any CPU
		{16B60D29-4D81-4360-814C-1A0FFFF5D75B}.Release|x64.ActiveCfg = Release|Any CPU
		{16B60D29-4D81-4360-814C-1A0FFFF5D75B}.Release|x64.Build.0 = Release|Any CPU
		{16B60D29-4D81-4360-814C-1A0FFFF5D75B}.Release|x86.ActiveCfg = Release|Any CPU
		{16B60D29-4D81-4360-814C-1A0FFFF5D75B}.Release|x86.Build.0 = Release|Any CPU
		{4DB70050-30FF-487A-AD55-C3E663CD0329}.Debug|Any CPU.ActiveCfg = Debug|Win32
		{4DB70050-30FF-487A-AD55-C3E663CD0329}.Debug|Any CPU.Build.0 = Debug|Win32
		{4DB70050-30FF-487A-AD55-C3E663CD0329}.Debug|x64.ActiveCfg = Debug|x64
		{4DB70050-30FF-487A-AD55-C3E663CD0329}.Debug|x64.Build.0 = Debug|x64
		{4DB70050-30FF-487A-AD55-C3E663CD0329}.Debug|x86.ActiveCfg = Debug|Win32
		{4DB70050-30FF-487A-AD55-C3E663CD0329}.Debug|x86.Build.0 = Debug|Win32
		{4DB70050-30FF-487A-AD55-C3E663CD0329}.Release|Any CPU.ActiveCfg = Release|Win32
		{4DB70050-30FF-487A-AD55-C3E663CD0329}.Release|Any CPU.Build.0 = Release|Win32
		{4DB70050-30FF-487A-AD55-C3E663CD0329}.Release|x64.ActiveCfg = Release|x64
		{4DB70050-30FF-487A-AD55-C3E663CD0329}.Release|x64.Build.0 = Release|x64
		{4DB70050-30FF-487A-AD55-C3E663CD0329}.Release|x86.ActiveCfg = Release|Win32
		{4DB70050-30FF-487A-AD55-C3E663CD0329}.Release|x86.Build.0 = Release|Win32
	EndGlobalSection
	GlobalSection(SolutionProperties) = preSolution
		HideSolutionNode = FALSE
	EndGlobalSection
	GlobalSection(ExtensibilityGlobals) = postSolution
		SolutionGuid = {523F154A-A33F-4888-893D-78255FB6DA53}
	EndGlobalSection
EndGlobal
